<?xml version="1.0" encoding="UTF-8" standalone="yes" ?>
<CodeBlocks_project_file>
	<FileVersion major="1" minor="6" />
	<Project>
		<Option title="Pacman" />
		<Option pch_mode="2" />
		<Option compiler="gcc" />
		<Build>
			<Target title="Debug">
				<Option output="bin/Debug/Pacman" prefix_auto="1" extension_auto="1" />
				<Option object_output="obj/Debug/" />
				<Option type="1" />
				<Option compiler="gcc" />
				<Compiler>
					<Add option="-g" />
				</Compiler>
			</Target>
			<Target title="Release">
				<Option output="bin/Release/Pacman" prefix_auto="1" extension_auto="1" />
				<Option object_output="obj/Release/" />
				<Option type="1" />
				<Option compiler="gcc" />
				<Compiler>
					<Add option="-O2" />
				</Compiler>
				<Linker>
					<Add option="-s" />
				</Linker>
			</Target>
		</Build>
		<Compiler>
			<Add option="-Wall" />
			<Add option="-fexceptions" />
		</Compiler>
		<Unit filename="Font Class/1.txt" />
		<Unit filename="Font Class/2.txt" />
		<Unit filename="Font Class/3.txt" />
		<Unit filename="Font Class/4.txt" />
		<Unit filename="Font Class/5.txt" />
		<Unit filename="Font Class/6.txt" />
		<Unit filename="Font Class/7.txt" />
		<Unit filename="Font Class/8.txt" />
		<Unit filename="Font Class/9.txt" />
		<Unit filename="Font Class/A.txt" />
		<Unit filename="Font Class/B.txt" />
		<Unit filename="Font Class/C.txt" />
		<Unit filename="Font Class/D.txt" />
		<Unit filename="Font Class/E.txt" />
		<Unit filename="Font Class/F.txt" />
		<Unit filename="Font Class/G.txt" />
		<Unit filename="Font Class/H.txt" />
		<Unit filename="Font Class/I.txt" />
		<Unit filename="Font Class/J.txt" />
		<Unit filename="Font Class/K.txt" />
		<Unit filename="Font Class/L.txt" />
		<Unit filename="Font Class/M.txt" />
		<Unit filename="Font Class/N.txt" />
		<Unit filename="Font Class/O.txt" />
		<Unit filename="Font Class/P.txt" />
		<Unit filename="Font Class/Q.txt" />
		<Unit filename="Font Class/R.txt" />
		<Unit filename="Font Class/S.txt" />
		<Unit filename="Font Class/T.txt" />
		<Unit filename="Font Class/U.txt" />
		<Unit filename="Font Class/V.txt" />
		<Unit filename="Font Class/W.txt" />
		<Unit filename="Font Class/X.txt" />
		<Unit filename="Font Class/Y.txt" />
		<Unit filename="Font Class/Z.txt" />
		<Unit filename="SDL_Plotter.h" />
		<Unit filename="circle.cpp" />
		<Unit filename="circle.h" />
		<Unit filename="color.h" />
		<Unit filename="dots.txt" />
		<Unit filename="font.cpp" />
		<Unit filename="font.h" />
		<Unit filename="ghost.cpp" />
		<Unit filename="ghost.h" />
		<Unit filename="line.cpp" />
		<Unit filename="line.h" />
		<Unit filename="main.cpp" />
		<Unit filename="mouth.cpp" />
		<Unit filename="mouth.h" />
		<Unit filename="pacman.cpp" />
		<Unit filename="pacman.h" />
		<Unit filename="point.h" />
		<Unit filename="rectangle.cpp" />
		<Unit filename="rectangle.h" />
		<Unit filename="triangle.cpp" />
		<Unit filename="triangle.h" />
		<Unit filename="walls.txt" />
		<Extensions>
			<code_completion />
			<envvars />
			<debugger />
			<lib_finder disable_auto="1" />
		</Extensions>
	</Project>
</CodeBlocks_project_file>
